{
  "dependencies": {
    "stellar-base": {
      "version": "0.4.6",
      "dependencies": {
        "babel-runtime": {
          "version": "5.8.24",
          "dependencies": {
            "core-js": {
              "version": "1.1.4"
            }
          }
        },
        "base32.js": {
          "version": "0.1.0"
        },
        "bignumber.js": {
          "version": "2.0.7"
        },
        "crc": {
          "version": "3.3.0"
        },
        "ed25519": {
          "version": "0.0.4",
          "dependencies": {
            "bindings": {
              "version": "1.2.1"
            },
            "nan": {
              "version": "2.0.9"
            }
          }
        },
        "js-xdr": {
          "version": "0.0.11",
          "dependencies": {
            "babel-runtime": {
              "version": "4.7.16",
              "dependencies": {
                "core-js": {
                  "version": "0.6.1"
                }
              }
            },
            "cursor": {
              "version": "0.1.5"
            },
            "long": {
              "version": "2.2.5"
            },
            "sequencify": {
              "version": "0.0.7"
            }
          }
        },
        "lodash": {
          "version": "3.10.1"
        },
        "sha.js": {
          "version": "2.4.4",
          "dependencies": {
            "inherits": {
              "version": "2.0.1"
            }
          }
        },
        "tweetnacl": {
          "version": "0.13.2"
        }
      }
    }
  }
}
